// !$*UTF8*$!
{
	archiveVersion = 1;
	classes = {
	};
	objectVersion = 46;
	objects = {

/* Begin PBXBuildFile section */
		21A27FA61CA6F2D800376CB9 /* AppDelegate.swift in Sources */ = {isa = PBXBuildFile; fileRef = 21A27FA51CA6F2D800376CB9 /* AppDelegate.swift */; };
		21A27FA81CA6F2D800376CB9 /* ViewController.swift in Sources */ = {isa = PBXBuildFile; fileRef = 21A27FA71CA6F2D800376CB9 /* ViewController.swift */; };
		21A27FAB1CA6F2D800376CB9 /* Main.storyboard in Resources */ = {isa = PBXBuildFile; fileRef = 21A27FA91CA6F2D800376CB9 /* Main.storyboard */; };
		21A27FAD1CA6F2D800376CB9 /* Assets.xcassets in Resources */ = {isa = PBXBuildFile; fileRef = 21A27FAC1CA6F2D800376CB9 /* Assets.xcassets */; };
		21A27FB01CA6F2D800376CB9 /* LaunchScreen.storyboard in Resources */ = {isa = PBXBuildFile; fileRef = 21A27FAE1CA6F2D800376CB9 /* LaunchScreen.storyboard */; };
/* End PBXBuildFile section */

/* Begin PBXFileReference section */
		21A27FA21CA6F2D800376CB9 /* SuperCool.app */ = {isa = PBXFileReference; explicitFileType = wrapper.application; includeInIndex = 0; path = SuperCool.app; sourceTree = BUILT_PRODUCTS_DIR; };
		21A27FA51CA6F2D800376CB9 /* AppDelegate.swift */ = {isa = PBXFileReference; lastKnownFileType = sourcecode.swift; path = AppDelegate.swift; sourceTree = "<group>"; };
		21A27FA71CA6F2D800376CB9 /* ViewController.swift */ = {isa = PBXFileReference; lastKnownFileType = sourcecode.swift; path = ViewController.swift; sourceTree = "<group>"; };
		21A27FAA1CA6F2D800376CB9 /* Base */ = {isa = PBXFileReference; lastKnownFileType = file.storyboard; name = Base; path = Base.lproj/Main.storyboard; sourceTree = "<group>"; };
		21A27FAC1CA6F2D800376CB9 /* Assets.xcassets */ = {isa = PBXFileReference; lastKnownFileType = folder.assetcatalog; path = Assets.xcassets; sourceTree = "<group>"; };
		21A27FAF1CA6F2D800376CB9 /* Base */ = {isa = PBXFileReference; lastKnownFileType = file.storyboard; name = Base; path = Base.lproj/LaunchScreen.storyboard; sourceTree = "<group>"; };
		21A27FB11CA6F2D800376CB9 /* Info.plist */ = {isa = PBXFileReference; lastKnownFileType = text.plist.xml; path = Info.plist; sourceTree = "<group>"; };
/* End PBXFileReference section */

/* Begin PBXFrameworksBuildPhase section */
		21A27F9F1CA6F2D800376CB9 /* Frameworks */ = {
			isa = PBXFrameworksBuildPhase;
			buildActionMask = 2147483647;
			files = (
			);
			runOnlyForDeploymentPostprocessing = 0;
		};
/* End PBXFrameworksBuildPhase section */

/* Begin PBXGroup section */
		21A27F991CA6F2D800376CB9 = {
			isa = PBXGroup;
			children = (
				21A27FA41CA6F2D800376CB9 /* SuperCool */,
				21A27FA31CA6F2D800376CB9 /* Products */,
			);
			sourceTree = "<group>";
		};
		21A27FA31CA6F2D800376CB9 /* Products */ = {
			isa = PBXGroup;
			children = (
				21A27FA21CA6F2D800376CB9 /* SuperCool.app */,
			);
			name = Products;
			sourceTree = "<group>";
		};
		21A27FA41CA6F2D800376CB9 /* SuperCool */ = {
			isa = PBXGroup;
			children = (
				21A27FA51CA6F2D800376CB9 /* AppDelegate.swift */,
				21A27FA71CA6F2D800376CB9 /* ViewController.swift */,
				21A27FA91CA6F2D800376CB9 /* Main.storyboard */,
				21A27FAC1CA6F2D800376CB9 /* Assets.xcassets */,
				21A27FAE1CA6F2D800376CB9 /* LaunchScreen.storyboard */,
				21A27FB11CA6F2D800376CB9 /* Info.plist */,
			);
			path = SuperCool;
			sourceTree = "<group>";
		};
/* End PBXGroup section */

/* Begin PBXNativeTarget section */
		21A27FA11CA6F2D800376CB9 /* SuperCool */ = {
			isa = PBXNativeTarget;
			buildConfigurationList = 21A27FB41CA6F2D800376CB9 /* Build configuration list for PBXNativeTarget "SuperCool" */;
			buildPhases = (
				21A27F9E1CA6F2D800376CB9 /* Sources */,
				21A27F9F1CA6F2D800376CB9 /* Frameworks */,
				21A27FA01CA6F2D800376CB9 /* Resources */,
			);
			buildRules = (
			);
			dependencies = (
			);
			name = SuperCool;
			productName = SuperCool;
			productReference = 21A27FA21CA6F2D800376CB9 /* SuperCool.app */;
			productType = "com.apple.product-type.application";
		};
/* End PBXNativeTarget section */

/* Begin PBXProject section */
		21A27F9A1CA6F2D800376CB9 /* Project object */ = {
			isa = PBXProject;
			attributes = {
				LastSwiftUpdateCheck = 0720;
				LastUpgradeCheck = 0720;
				ORGANIZATIONNAME = "AJ Rothman";
				TargetAttributes = {
					21A27FA11CA6F2D800376CB9 = {
						CreatedOnToolsVersion = 7.2.1;
					};
				};
			};
			buildConfigurationList = 21A27F9D1CA6F2D800376CB9 /* Build configuration list for PBXProject "SuperCool" */;
			compatibilityVersion = "Xcode 3.2";
			developmentRegion = English;
			hasScannedForEncodings = 0;
			knownRegions = (
				en,
				Base,
			);
			mainGroup = 21A27F991CA6F2D800376CB9;
			productRefGroup = 21A27FA31CA6F2D800376CB9 /* Products */;
			projectDirPath = "";
			projectRoot = "";
			targets = (
				21A27FA11CA6F2D800376CB9 /* SuperCool */,
			);
		};
/* End PBXProject section */

/* Begin PBXResourcesBuildPhase section */
		21A27FA01CA6F2D800376CB9 /* Resources */ = {
			isa = PBXResourcesBuildPhase;
			buildActionMask = 2147483647;
			files = (
				21A27FB01CA6F2D800376CB9 /* LaunchScreen.storyboard in Resources */,
				21A27FAD1CA6F2D800376CB9 /* Assets.xcassets in Resources */,
				21A27FAB1CA6F2D800376CB9 /* Main.storyboard in Resources */,
			);
			runOnlyForDeploymentPostprocessing = 0;
		};
/* End PBXResourcesBuildPhase section */

/* Begin PBXSourcesBuildPhase section */
		21A27F9E1CA6F2D800376CB9 /* Sources */ = {
			isa = PBXSourcesBuildPhase;
			buildActionMask = 2147483647;
			files = (
				21A27FA81CA6F2D800376CB9 /* ViewController.swift in Sources */,
				21A27FA61CA6F2D800376CB9 /* AppDelegate.swift in Sources */,
			);
			runOnlyForDeploymentPostprocessing = 0;
		};
/* End PBXSourcesBuildPhase section */

/* Begin PBXVariantGroup section */
		21A27FA91CA6F2D800376CB9 /* Main.storyboard */ = {
			isa = PBXVariantGroup;
			children = (
				21A27FAA1CA6F2D800376CB9 /* Base */,
			);
			name = Main.storyboard;
			sourceTree = "<group>";
		};
		21A27FAE1CA6F2D800376CB9 /* LaunchScreen.storyboard */ = {
			isa = PBXVariantGroup;
			children = (
				21A27FAF1CA6F2D800376CB9 /* Base */,
			);
			name = LaunchScreen.storyboard;
			sourceTree = "<group>";
		};
/* End PBXVariantGroup section */

/* Begin XCBuildConfiguration section */
		21A27FB21CA6F2D800376CB9 /* Debug */ = {
			isa = XCBuildConfiguration;
			buildSettings = {
				ALWAYS_SEARCH_USER_PATHS = NO;
				CLANG_CXX_LANGUAGE_STANDARD = "gnu++0x";
				CLANG_CXX_LIBRARY = "libc++";
				CLANG_ENABLE_MODULES = YES;
				CLANG_ENABLE_OBJC_ARC = YES;
				CLANG_WARN_BOOL_CONVERSION = YES;
				CLANG_WARN_CONSTANT_CONVERSION = YES;
				CLANG_WARN_DIRECT_OBJC_ISA_USAGE = YES_ERROR;
				CLANG_WARN_EMPTY_BODY = YES;
				CLANG_WARN_ENUM_CONVERSION = YES;
				CLANG_WARN_INT_CONVERSION = YES;
				CLANG_WARN_OBJC_ROOT_CLASS = YES_ERROR;
				CLANG_WARN_UNREACHABLE_CODE = YES;
				CLANG_WARN__DUPLICATE_METHOD_MATCH = YES;
				"CODE_SIGN_IDENTITY[sdk=iphoneos*]" = "iPhone Developer";
				COPY_PHASE_STRIP = NO;
				DEBUG_INFORMATION_FORMAT = dwarf;
				ENABLE_STRICT_OBJC_MSGSEND = YES;
				ENABLE_TESTABILITY = YES;
				GCC_C_LANGUAGE_STANDARD = gnu99;
				GCC_DYNAMIC_NO_PIC = NO;
				GCC_NO_COMMON_BLOCKS = YES;
				GCC_OPTIMIZATION_LEVEL = 0;
				GCC_PREPROCESSOR_DEFINITIONS = (
					"DEBUG=1",
					"$(inherited)",
				);
				GCC_WARN_64_TO_32_BIT_CONVERSION = YES;
				GCC_WARN_ABOUT_RETURN_TYPE = YES_ERROR;
				GCC_WARN_UNDECLARED_SELECTOR = YES;
				GCC_WARN_UNINITIALIZED_AUTOS = YES_AGGRESSIVE;
				GCC_WARN_UNUSED_FUNCTION = YES;
				GCC_WARN_UNUSED_VARIABLE = YES;
				IPHONEOS_DEPLOYMENT_TARGET = 9.2;
				MTL_ENABLE_DEBUG_INFO = YES;
				ONLY_ACTIVE_ARCH = YES;
				SDKROOT = iphoneos;
				SWIFT_OPTIMIZATION_LEVEL = "-Onone";
			};
			name = Debug;
		};
		21A27FB31CA6F2D800376CB9 /* Release */ = {
			isa = XCBuildConfiguration;
			buildSettings = {
				ALWAYS_SEARCH_USER_PATHS = NO;
				CLANG_CXX_LANGUAGE_STANDARD = "gnu++0x";
				CLANG_CXX_LIBRARY = "libc++";
				CLANG_ENABLE_MODULES = YES;
				CLANG_ENABLE_OBJC_ARC = YES;
				CLANG_WARN_BOOL_CONVERSION = YES;
				CLANG_WARN_CONSTANT_CONVERSION = YES;
				CLANG_WARN_DIRECT_OBJC_ISA_USAGE = YES_ERROR;
				CLANG_WARN_EMPTY_BODY = YES;
				CLANG_WARN_ENUM_CONVERSION = YES;
				CLANG_WARN_INT_CONVERSION = YES;
				CLANG_WARN_OBJC_ROOT_CLASS = YES_ERROR;
				CLANG_WARN_UNREACHABLE_CODE = YES;
				CLANG_WARN__DUPLICATE_METHOD_MATCH = YES;
				"CODE_SIGN_IDENTITY[sdk=iphoneos*]" = "iPhone Developer";
				COPY_PHASE_STRIP = NO;
				DEBUG_INFORMATION_FORMAT = "dwarf-with-dsym";
				ENABLE_NS_ASSERTIONS = NO;
				ENABLE_STRICT_OBJC_MSGSEND = YES;
				GCC_C_LANGUAGE_STANDARD = gnu99;
				GCC_NO_COMMON_BLOCKS = YES;
				GCC_WARN_64_TO_32_BIT_CONVERSION = YES;
				GCC_WARN_ABOUT_RETURN_TYPE = YES_ERROR;
				GCC_WARN_UNDECLARED_SELECTOR = YES;
				GCC_WARN_UNINITIALIZED_AUTOS = YES_AGGRESSIVE;
				GCC_WARN_UNUSED_FUNCTION = YES;
				GCC_WARN_UNUSED_VARIABLE = YES;
				IPHONEOS_DEPLOYMENT_TARGET = 9.2;
				MTL_ENABLE_DEBUG_INFO = NO;
				SDKROOT = iphoneos;
				VALIDATE_PRODUCT = YES;
			};
			name = Release;
		};
		21A27FB51CA6F2D800376CB9 /* Debug */ = {
			isa = XCBuildConfiguration;
			buildSettings = {
				ASSETCATALOG_COMPILER_APPICON_NAME = AppIcon;
				INFOPLIST_FILE = SuperCool/Info.plist;
				LD_RUNPATH_SEARCH_PATHS = "$(inherited) @executable_path/Frameworks";
				PRODUCT_BUNDLE_IDENTIFIER = com.StrawberryBlue.SuperCool;
				PRODUCT_NAME = "$(TARGET_NAME)";
			};
			name = Debug;
		};
		21A27FB61CA6F2D800376CB9 /* Release */ = {
			isa = XCBuildConfiguration;
			buildSettings = {
				ASSETCATALOG_COMPILER_APPICON_NAME = AppIcon;
				INFOPLIST_FILE = SuperCool/Info.plist;
				LD_RUNPATH_SEARCH_PATHS = "$(inherited) @executable_path/Frameworks";
				PRODUCT_BUNDLE_IDENTIFIER = com.StrawberryBlue.SuperCool;
				PRODUCT_NAME = "$(TARGET_NAME)";
			};
			name = Release;
		};
/* End XCBuildConfiguration section */

/* Begin XCConfigurationList section */
		21A27F9D1CA6F2D800376CB9 /* Build configuration list for PBXProject "SuperCool" */ = {
			isa = XCConfigurationList;
			buildConfigurations = (
				21A27FB21CA6F2D800376CB9 /* Debug */,
				21A27FB31CA6F2D800376CB9 /* Release */,
			);
			defaultConfigurationIsVisible = 0;
			defaultConfigurationName = Release;
		};
		21A27FB41CA6F2D800376CB9 /* Build configuration list for PBXNativeTarget "SuperCool" */ = {
			isa = XCConfigurationList;
			buildConfigurations = (
				21A27FB51CA6F2D800376CB9 /* Debug */,
				21A27FB61CA6F2D800376CB9 /* Release */,
			);
			defaultConfigurationIsVisible = 0;
		};
/* End XCConfigurationList section */
	};
	rootObject = 21A27F9A1CA6F2D800376CB9 /* Project object */;
}
